
Microsoft Visual Studio Solution File, Format Version 12.00
# Visual Studio 15
VisualStudioVersion = 15.0.26430.14
MinimumVisualStudioVersion = 10.0.40219.1
Project("{FAE04EC0-301F-11D3-BF4B-00C04F79EFBC}") = "XMProApp", "XMProApp\XMProApp\XMProApp.csproj", "{0ADA07FC-40A4-4778-ADE2-5CA82385342C}"
EndProject
Project("{FAE04EC0-301F-11D3-BF4B-00C04F79EFBC}") = "XMProApp.Droid", "XMProApp\XMProApp.Droid\XMProApp.Droid.csproj", "{7CE34D9A-EB1B-4D7C-923F-19756825F0FA}"
EndProject
Project("{FAE04EC0-301F-11D3-BF4B-00C04F79EFBC}") = "XMProApp.iOS", "XMProApp\XMProApp.iOS\XMProApp.iOS.csproj", "{8EF3E2CF-E300-4DED-B639-FB8E5C1D33FE}"
EndProject
Global
	GlobalSection(SolutionConfigurationPlatforms) = preSolution
		Ad-Hoc|Any CPU = Ad-Hoc|Any CPU
		Ad-Hoc|iPhone = Ad-Hoc|iPhone
		Ad-Hoc|iPhoneSimulator = Ad-Hoc|iPhoneSimulator
		AppStore|Any CPU = AppStore|Any CPU
		AppStore|iPhone = AppStore|iPhone
		AppStore|iPhoneSimulator = AppStore|iPhoneSimulator
		Debug|Any CPU = Debug|Any CPU
		Debug|iPhone = Debug|iPhone
		Debug|iPhoneSimulator = Debug|iPhoneSimulator
		Release|Any CPU = Release|Any CPU
		Release|iPhone = Release|iPhone
		Release|iPhoneSimulator = Release|iPhoneSimulator
	EndGlobalSection
	GlobalSection(ProjectConfigurationPlatforms) = postSolution
		{0ADA07FC-40A4-4778-ADE2-5CA82385342C}.Ad-Hoc|Any CPU.ActiveCfg = Release|Any CPU
		{0ADA07FC-40A4-4778-ADE2-5CA82385342C}.Ad-Hoc|Any CPU.Build.0 = Release|Any CPU
		{0ADA07FC-40A4-4778-ADE2-5CA82385342C}.Ad-Hoc|iPhone.ActiveCfg = Release|Any CPU
		{0ADA07FC-40A4-4778-ADE2-5CA82385342C}.Ad-Hoc|iPhone.Build.0 = Release|Any CPU
		{0ADA07FC-40A4-4778-ADE2-5CA82385342C}.Ad-Hoc|iPhoneSimulator.ActiveCfg = Release|Any CPU
		{0ADA07FC-40A4-4778-ADE2-5CA82385342C}.Ad-Hoc|iPhoneSimulator.Build.0 = Release|Any CPU
		{0ADA07FC-40A4-4778-ADE2-5CA82385342C}.AppStore|Any CPU.ActiveCfg = Release|Any CPU
		{0ADA07FC-40A4-4778-ADE2-5CA82385342C}.AppStore|Any CPU.Build.0 = Release|Any CPU
		{0ADA07FC-40A4-4778-ADE2-5CA82385342C}.AppStore|iPhone.ActiveCfg = Release|Any CPU
		{0ADA07FC-40A4-4778-ADE2-5CA82385342C}.AppStore|iPhone.Build.0 = Release|Any CPU
		{0ADA07FC-40A4-4778-ADE2-5CA82385342C}.AppStore|iPhoneSimulator.ActiveCfg = Release|Any CPU
		{0ADA07FC-40A4-4778-ADE2-5CA82385342C}.AppStore|iPhoneSimulator.Build.0 = Release|Any CPU
		{0ADA07FC-40A4-4778-ADE2-5CA82385342C}.Debug|Any CPU.ActiveCfg = Debug|Any CPU
		{0ADA07FC-40A4-4778-ADE2-5CA82385342C}.Debug|Any CPU.Build.0 = Debug|Any CPU
		{0ADA07FC-40A4-4778-ADE2-5CA82385342C}.Debug|iPhone.ActiveCfg = Debug|Any CPU
		{0ADA07FC-40A4-4778-ADE2-5CA82385342C}.Debug|iPhone.Build.0 = Debug|Any CPU
		{0ADA07FC-40A4-4778-ADE2-5CA82385342C}.Debug|iPhoneSimulator.ActiveCfg = Debug|Any CPU
		{0ADA07FC-40A4-4778-ADE2-5CA82385342C}.Debug|iPhoneSimulator.Build.0 = Debug|Any CPU
		{0ADA07FC-40A4-4778-ADE2-5CA82385342C}.Release|Any CPU.ActiveCfg = Release|Any CPU
		{0ADA07FC-40A4-4778-ADE2-5CA82385342C}.Release|Any CPU.Build.0 = Release|Any CPU
		{0ADA07FC-40A4-4778-ADE2-5CA82385342C}.Release|iPhone.ActiveCfg = Release|Any CPU
		{0ADA07FC-40A4-4778-ADE2-5CA82385342C}.Release|iPhone.Build.0 = Release|Any CPU
		{0ADA07FC-40A4-4778-ADE2-5CA82385342C}.Release|iPhoneSimulator.ActiveCfg = Release|Any CPU
		{0ADA07FC-40A4-4778-ADE2-5CA82385342C}.Release|iPhoneSimulator.Build.0 = Release|Any CPU
		{7CE34D9A-EB1B-4D7C-923F-19756825F0FA}.Ad-Hoc|Any CPU.ActiveCfg = Release|Any CPU
		{7CE34D9A-EB1B-4D7C-923F-19756825F0FA}.Ad-Hoc|Any CPU.Build.0 = Release|Any CPU
		{7CE34D9A-EB1B-4D7C-923F-19756825F0FA}.Ad-Hoc|Any CPU.Deploy.0 = Release|Any CPU
		{7CE34D9A-EB1B-4D7C-923F-19756825F0FA}.Ad-Hoc|iPhone.ActiveCfg = Release|Any CPU
		{7CE34D9A-EB1B-4D7C-923F-19756825F0FA}.Ad-Hoc|iPhone.Build.0 = Release|Any CPU
		{7CE34D9A-EB1B-4D7C-923F-19756825F0FA}.Ad-Hoc|iPhone.Deploy.0 = Release|Any CPU
		{7CE34D9A-EB1B-4D7C-923F-19756825F0FA}.Ad-Hoc|iPhoneSimulator.ActiveCfg = Release|Any CPU
		{7CE34D9A-EB1B-4D7C-923F-19756825F0FA}.Ad-Hoc|iPhoneSimulator.Build.0 = Release|Any CPU
		{7CE34D9A-EB1B-4D7C-923F-19756825F0FA}.Ad-Hoc|iPhoneSimulator.Deploy.0 = Release|Any CPU
		{7CE34D9A-EB1B-4D7C-923F-19756825F0FA}.AppStore|Any CPU.ActiveCfg = Release|Any CPU
		{7CE34D9A-EB1B-4D7C-923F-19756825F0FA}.AppStore|Any CPU.Build.0 = Release|Any CPU
		{7CE34D9A-EB1B-4D7C-923F-19756825F0FA}.AppStore|Any CPU.Deploy.0 = Release|Any CPU
		{7CE34D9A-EB1B-4D7C-923F-19756825F0FA}.AppStore|iPhone.ActiveCfg = Release|Any CPU
		{7CE34D9A-EB1B-4D7C-923F-19756825F0FA}.AppStore|iPhone.Build.0 = Release|Any CPU
		{7CE34D9A-EB1B-4D7C-923F-19756825F0FA}.AppStore|iPhone.Deploy.0 = Release|Any CPU
		{7CE34D9A-EB1B-4D7C-923F-19756825F0FA}.AppStore|iPhoneSimulator.ActiveCfg = Release|Any CPU
		{7CE34D9A-EB1B-4D7C-923F-19756825F0FA}.AppStore|iPhoneSimulator.Build.0 = Release|Any CPU
		{7CE34D9A-EB1B-4D7C-923F-19756825F0FA}.AppStore|iPhoneSimulator.Deploy.0 = Release|Any CPU
		{7CE34D9A-EB1B-4D7C-923F-19756825F0FA}.Debug|Any CPU.ActiveCfg = Debug|Any CPU
		{7CE34D9A-EB1B-4D7C-923F-19756825F0FA}.Debug|Any CPU.Build.0 = Debug|Any CPU
		{7CE34D9A-EB1B-4D7C-923F-19756825F0FA}.Debug|Any CPU.Deploy.0 = Debug|Any CPU
		{7CE34D9A-EB1B-4D7C-923F-19756825F0FA}.Debug|iPhone.ActiveCfg = Debug|Any CPU
		{7CE34D9A-EB1B-4D7C-923F-19756825F0FA}.Debug|iPhone.Build.0 = Debug|Any CPU
		{7CE34D9A-EB1B-4D7C-923F-19756825F0FA}.Debug|iPhone.Deploy.0 = Debug|Any CPU
		{7CE34D9A-EB1B-4D7C-923F-19756825F0FA}.Debug|iPhoneSimulator.ActiveCfg = Debug|Any CPU
		{7CE34D9A-EB1B-4D7C-923F-19756825F0FA}.Debug|iPhoneSimulator.Build.0 = Debug|Any CPU
		{7CE34D9A-EB1B-4D7C-923F-19756825F0FA}.Debug|iPhoneSimulator.Deploy.0 = Debug|Any CPU
		{7CE34D9A-EB1B-4D7C-923F-19756825F0FA}.Release|Any CPU.ActiveCfg = Release|Any CPU
		{7CE34D9A-EB1B-4D7C-923F-19756825F0FA}.Release|Any CPU.Build.0 = Release|Any CPU
		{7CE34D9A-EB1B-4D7C-923F-19756825F0FA}.Release|Any CPU.Deploy.0 = Release|Any CPU
		{7CE34D9A-EB1B-4D7C-923F-19756825F0FA}.Release|iPhone.ActiveCfg = Release|Any CPU
		{7CE34D9A-EB1B-4D7C-923F-19756825F0FA}.Release|iPhone.Build.0 = Release|Any CPU
		{7CE34D9A-EB1B-4D7C-923F-19756825F0FA}.Release|iPhone.Deploy.0 = Release|Any CPU
		{7CE34D9A-EB1B-4D7C-923F-19756825F0FA}.Release|iPhoneSimulator.ActiveCfg = Release|Any CPU
		{7CE34D9A-EB1B-4D7C-923F-19756825F0FA}.Release|iPhoneSimulator.Build.0 = Release|Any CPU
		{7CE34D9A-EB1B-4D7C-923F-19756825F0FA}.Release|iPhoneSimulator.Deploy.0 = Release|Any CPU
		{8EF3E2CF-E300-4DED-B639-FB8E5C1D33FE}.Ad-Hoc|Any CPU.ActiveCfg = Ad-Hoc|iPhone
		{8EF3E2CF-E300-4DED-B639-FB8E5C1D33FE}.Ad-Hoc|iPhone.ActiveCfg = Ad-Hoc|iPhone
		{8EF3E2CF-E300-4DED-B639-FB8E5C1D33FE}.Ad-Hoc|iPhone.Build.0 = Ad-Hoc|iPhone
		{8EF3E2CF-E300-4DED-B639-FB8E5C1D33FE}.Ad-Hoc|iPhoneSimulator.ActiveCfg = Ad-Hoc|iPhoneSimulator
		{8EF3E2CF-E300-4DED-B639-FB8E5C1D33FE}.Ad-Hoc|iPhoneSimulator.Build.0 = Ad-Hoc|iPhoneSimulator
		{8EF3E2CF-E300-4DED-B639-FB8E5C1D33FE}.AppStore|Any CPU.ActiveCfg = AppStore|iPhone
		{8EF3E2CF-E300-4DED-B639-FB8E5C1D33FE}.AppStore|iPhone.ActiveCfg = AppStore|iPhone
		{8EF3E2CF-E300-4DED-B639-FB8E5C1D33FE}.AppStore|iPhone.Build.0 = AppStore|iPhone
		{8EF3E2CF-E300-4DED-B639-FB8E5C1D33FE}.AppStore|iPhoneSimulator.ActiveCfg = AppStore|iPhoneSimulator
		{8EF3E2CF-E300-4DED-B639-FB8E5C1D33FE}.AppStore|iPhoneSimulator.Build.0 = AppStore|iPhoneSimulator
		{8EF3E2CF-E300-4DED-B639-FB8E5C1D33FE}.Debug|Any CPU.ActiveCfg = Debug|iPhone
		{8EF3E2CF-E300-4DED-B639-FB8E5C1D33FE}.Debug|iPhone.ActiveCfg = Debug|iPhone
		{8EF3E2CF-E300-4DED-B639-FB8E5C1D33FE}.Debug|iPhone.Build.0 = Debug|iPhone
		{8EF3E2CF-E300-4DED-B639-FB8E5C1D33FE}.Debug|iPhoneSimulator.ActiveCfg = Debug|iPhoneSimulator
		{8EF3E2CF-E300-4DED-B639-FB8E5C1D33FE}.Debug|iPhoneSimulator.Build.0 = Debug|iPhoneSimulator
		{8EF3E2CF-E300-4DED-B639-FB8E5C1D33FE}.Release|Any CPU.ActiveCfg = Release|iPhone
		{8EF3E2CF-E300-4DED-B639-FB8E5C1D33FE}.Release|iPhone.ActiveCfg = Release|iPhone
		{8EF3E2CF-E300-4DED-B639-FB8E5C1D33FE}.Release|iPhone.Build.0 = Release|iPhone
		{8EF3E2CF-E300-4DED-B639-FB8E5C1D33FE}.Release|iPhoneSimulator.ActiveCfg = Release|iPhoneSimulator
		{8EF3E2CF-E300-4DED-B639-FB8E5C1D33FE}.Release|iPhoneSimulator.Build.0 = Release|iPhoneSimulator
	EndGlobalSection
	GlobalSection(SolutionProperties) = preSolution
		HideSolutionNode = FALSE
	EndGlobalSection
EndGlobal
